// !$*UTF8*$!
{
	archiveVersion = 1;
	classes = {
	};
	objectVersion = 52;
	objects = {

/* Begin PBXBuildFile section */
		63628FAD23DDC96100222B14 /* AppDelegate.swift in Sources */ = {isa = PBXBuildFile; fileRef = 63628FAC23DDC96100222B14 /* AppDelegate.swift */; };
		63628FAF23DDC96100222B14 /* SceneDelegate.swift in Sources */ = {isa = PBXBuildFile; fileRef = 63628FAE23DDC96100222B14 /* SceneDelegate.swift */; };
		63628FB123DDC96100222B14 /* ViewController.swift in Sources */ = {isa = PBXBuildFile; fileRef = 63628FB023DDC96100222B14 /* ViewController.swift */; };
		63628FB423DDC96100222B14 /* Main.storyboard in Resources */ = {isa = PBXBuildFile; fileRef = 63628FB223DDC96100222B14 /* Main.storyboard */; };
		63628FB623DDC96200222B14 /* Assets.xcassets in Resources */ = {isa = PBXBuildFile; fileRef = 63628FB523DDC96200222B14 /* Assets.xcassets */; };
		63628FB923DDC96200222B14 /* LaunchScreen.storyboard in Resources */ = {isa = PBXBuildFile; fileRef = 63628FB723DDC96200222B14 /* LaunchScreen.storyboard */; };
		63628FC223DDCA0800222B14 /* Localize_Swift in Frameworks */ = {isa = PBXBuildFile; productRef = 63628FC123DDCA0800222B14 /* Localize_Swift */; };
		63628FCB23DDCB5D00222B14 /* Localizable.strings in Resources */ = {isa = PBXBuildFile; fileRef = 63628FCD23DDCB5D00222B14 /* Localizable.strings */; };
		63628FD223DDCFBF00222B14 /* ButtonTitles.strings in Resources */ = {isa = PBXBuildFile; fileRef = 63628FD423DDCFBF00222B14 /* ButtonTitles.strings */; };
/* End PBXBuildFile section */

/* Begin PBXFileReference section */
		63628FA923DDC96100222B14 /* Localized App.app */ = {isa = PBXFileReference; explicitFileType = wrapper.application; includeInIndex = 0; path = "Localized App.app"; sourceTree = BUILT_PRODUCTS_DIR; };
		63628FAC23DDC96100222B14 /* AppDelegate.swift */ = {isa = PBXFileReference; lastKnownFileType = sourcecode.swift; path = AppDelegate.swift; sourceTree = "<group>"; };
		63628FAE23DDC96100222B14 /* SceneDelegate.swift */ = {isa = PBXFileReference; lastKnownFileType = sourcecode.swift; path = SceneDelegate.swift; sourceTree = "<group>"; };
		63628FB023DDC96100222B14 /* ViewController.swift */ = {isa = PBXFileReference; lastKnownFileType = sourcecode.swift; path = ViewController.swift; sourceTree = "<group>"; };
		63628FB323DDC96100222B14 /* Base */ = {isa = PBXFileReference; lastKnownFileType = file.storyboard; name = Base; path = Base.lproj/Main.storyboard; sourceTree = "<group>"; };
		63628FB523DDC96200222B14 /* Assets.xcassets */ = {isa = PBXFileReference; lastKnownFileType = folder.assetcatalog; path = Assets.xcassets; sourceTree = "<group>"; };
		63628FB823DDC96200222B14 /* Base */ = {isa = PBXFileReference; lastKnownFileType = file.storyboard; name = Base; path = Base.lproj/LaunchScreen.storyboard; sourceTree = "<group>"; };
		63628FBA23DDC96200222B14 /* Info.plist */ = {isa = PBXFileReference; lastKnownFileType = text.plist.xml; path = Info.plist; sourceTree = "<group>"; };
		63628FCC23DDCB5D00222B14 /* en */ = {isa = PBXFileReference; lastKnownFileType = text.plist.strings; name = en; path = en.lproj/Localizable.strings; sourceTree = "<group>"; };
		63628FCE23DDCB7500222B14 /* ru */ = {isa = PBXFileReference; lastKnownFileType = text.plist.strings; name = ru; path = ru.lproj/Localizable.strings; sourceTree = "<group>"; };
		63628FD323DDCFBF00222B14 /* en */ = {isa = PBXFileReference; lastKnownFileType = text.plist.strings; name = en; path = en.lproj/ButtonTitles.strings; sourceTree = "<group>"; };
		63628FD523DDCFC300222B14 /* ru */ = {isa = PBXFileReference; lastKnownFileType = text.plist.strings; name = ru; path = ru.lproj/ButtonTitles.strings; sourceTree = "<group>"; };
		63628FD623DDD10E00222B14 /* fr */ = {isa = PBXFileReference; lastKnownFileType = text.plist.strings; name = fr; path = fr.lproj/Localizable.strings; sourceTree = "<group>"; };
		63628FD723DDD10E00222B14 /* fr */ = {isa = PBXFileReference; lastKnownFileType = text.plist.strings; name = fr; path = fr.lproj/ButtonTitles.strings; sourceTree = "<group>"; };
		63628FD823DDD32200222B14 /* km */ = {isa = PBXFileReference; lastKnownFileType = text.plist.strings; name = km; path = km.lproj/Localizable.strings; sourceTree = "<group>"; };
		63628FD923DDD32200222B14 /* km */ = {isa = PBXFileReference; lastKnownFileType = text.plist.strings; name = km; path = km.lproj/ButtonTitles.strings; sourceTree = "<group>"; };
/* End PBXFileReference section */

/* Begin PBXFrameworksBuildPhase section */
		63628FA623DDC96100222B14 /* Frameworks */ = {
			isa = PBXFrameworksBuildPhase;
			buildActionMask = 2147483647;
			files = (
				63628FC223DDCA0800222B14 /* Localize_Swift in Frameworks */,
			);
			runOnlyForDeploymentPostprocessing = 0;
		};
/* End PBXFrameworksBuildPhase section */

/* Begin PBXGroup section */
		63628FA023DDC96100222B14 = {
			isa = PBXGroup;
			children = (
				63628FAB23DDC96100222B14 /* Localized App */,
				63628FAA23DDC96100222B14 /* Products */,
			);
			sourceTree = "<group>";
		};
		63628FAA23DDC96100222B14 /* Products */ = {
			isa = PBXGroup;
			children = (
				63628FA923DDC96100222B14 /* Localized App.app */,
			);
			name = Products;
			sourceTree = "<group>";
		};
		63628FAB23DDC96100222B14 /* Localized App */ = {
			isa = PBXGroup;
			children = (
				63628FAC23DDC96100222B14 /* AppDelegate.swift */,
				63628FD123DDCFB000222B14 /* Resources */,
				63628FAE23DDC96100222B14 /* SceneDelegate.swift */,
				63628FB023DDC96100222B14 /* ViewController.swift */,
				63628FB223DDC96100222B14 /* Main.storyboard */,
				63628FB523DDC96200222B14 /* Assets.xcassets */,
				63628FB723DDC96200222B14 /* LaunchScreen.storyboard */,
				63628FBA23DDC96200222B14 /* Info.plist */,
			);
			path = "Localized App";
			sourceTree = "<group>";
		};
		63628FD123DDCFB000222B14 /* Resources */ = {
			isa = PBXGroup;
			children = (
				63628FCD23DDCB5D00222B14 /* Localizable.strings */,
				63628FD423DDCFBF00222B14 /* ButtonTitles.strings */,
			);
			path = Resources;
			sourceTree = "<group>";
		};
/* End PBXGroup section */

/* Begin PBXNativeTarget section */
		63628FA823DDC96100222B14 /* Localized App */ = {
			isa = PBXNativeTarget;
			buildConfigurationList = 63628FBD23DDC96200222B14 /* Build configuration list for PBXNativeTarget "Localized App" */;
			buildPhases = (
				63628FA523DDC96100222B14 /* Sources */,
				63628FA623DDC96100222B14 /* Frameworks */,
				63628FA723DDC96100222B14 /* Resources */,
			);
			buildRules = (
			);
			dependencies = (
			);
			name = "Localized App";
			packageProductDependencies = (
				63628FC123DDCA0800222B14 /* Localize_Swift */,
			);
			productName = "Localized App";
			productReference = 63628FA923DDC96100222B14 /* Localized App.app */;
			productType = "com.apple.product-type.application";
		};
/* End PBXNativeTarget section */

/* Begin PBXProject section */
		63628FA123DDC96100222B14 /* Project object */ = {
			isa = PBXProject;
			attributes = {
				LastSwiftUpdateCheck = 1130;
				LastUpgradeCheck = 1130;
				ORGANIZATIONNAME = "Sotheavuth Nguon";
				TargetAttributes = {
					63628FA823DDC96100222B14 = {
						CreatedOnToolsVersion = 11.3;
					};
				};
			};
			buildConfigurationList = 63628FA423DDC96100222B14 /* Build configuration list for PBXProject "Localized App" */;
			compatibilityVersion = "Xcode 9.3";
			developmentRegion = en;
			hasScannedForEncodings = 0;
			knownRegions = (
				en,
				Base,
				ru,
				fr,
				km,
			);
			mainGroup = 63628FA023DDC96100222B14;
			packageReferences = (
				63628FC023DDCA0800222B14 /* XCRemoteSwiftPackageReference "Localize-Swift" */,
			);
			productRefGroup = 63628FAA23DDC96100222B14 /* Products */;
			projectDirPath = "";
			projectRoot = "";
			targets = (
				63628FA823DDC96100222B14 /* Localized App */,
			);
		};
/* End PBXProject section */

/* Begin PBXResourcesBuildPhase section */
		63628FA723DDC96100222B14 /* Resources */ = {
			isa = PBXResourcesBuildPhase;
			buildActionMask = 2147483647;
			files = (
				63628FB923DDC96200222B14 /* LaunchScreen.storyboard in Resources */,
				63628FCB23DDCB5D00222B14 /* Localizable.strings in Resources */,
				63628FD223DDCFBF00222B14 /* ButtonTitles.strings in Resources */,
				63628FB623DDC96200222B14 /* Assets.xcassets in Resources */,
				63628FB423DDC96100222B14 /* Main.storyboard in Resources */,
			);
			runOnlyForDeploymentPostprocessing = 0;
		};
/* End PBXResourcesBuildPhase section */

/* Begin PBXSourcesBuildPhase section */
		63628FA523DDC96100222B14 /* Sources */ = {
			isa = PBXSourcesBuildPhase;
			buildActionMask = 2147483647;
			files = (
				63628FB123DDC96100222B14 /* ViewController.swift in Sources */,
				63628FAD23DDC96100222B14 /* AppDelegate.swift in Sources */,
				63628FAF23DDC96100222B14 /* SceneDelegate.swift in Sources */,
			);
			runOnlyForDeploymentPostprocessing = 0;
		};
/* End PBXSourcesBuildPhase section */

/* Begin PBXVariantGroup section */
		63628FB223DDC96100222B14 /* Main.storyboard */ = {
			isa = PBXVariantGroup;
			children = (
				63628FB323DDC96100222B14 /* Base */,
			);
			name = Main.storyboard;
			sourceTree = "<group>";
		};
		63628FB723DDC96200222B14 /* LaunchScreen.storyboard */ = {
			isa = PBXVariantGroup;
			children = (
				63628FB823DDC96200222B14 /* Base */,
			);
			name = LaunchScreen.storyboard;
			sourceTree = "<group>";
		};
		63628FCD23DDCB5D00222B14 /* Localizable.strings */ = {
			isa = PBXVariantGroup;
			children = (
				63628FCC23DDCB5D00222B14 /* en */,
				63628FCE23DDCB7500222B14 /* ru */,
				63628FD623DDD10E00222B14 /* fr */,
				63628FD823DDD32200222B14 /* km */,
			);
			name = Localizable.strings;
			sourceTree = "<group>";
		};
		63628FD423DDCFBF00222B14 /* ButtonTitles.strings */ = {
			isa = PBXVariantGroup;
			children = (
				63628FD323DDCFBF00222B14 /* en */,
				63628FD523DDCFC300222B14 /* ru */,
				63628FD723DDD10E00222B14 /* fr */,
				63628FD923DDD32200222B14 /* km */,
			);
			name = ButtonTitles.strings;
			sourceTree = "<group>";
		};
/* End PBXVariantGroup section */

/* Begin XCBuildConfiguration section */
		63628FBB23DDC96200222B14 /* Debug */ = {
			isa = XCBuildConfiguration;
			buildSettings = {
				ALWAYS_SEARCH_USER_PATHS = NO;
				CLANG_ANALYZER_LOCALIZABILITY_NONLOCALIZED = YES;
				CLANG_ANALYZER_NONNULL = YES;
				CLANG_ANALYZER_NUMBER_OBJECT_CONVERSION = YES_AGGRESSIVE;
				CLANG_CXX_LANGUAGE_STANDARD = "gnu++14";
				CLANG_CXX_LIBRARY = "libc++";
				CLANG_ENABLE_MODULES = YES;
				CLANG_ENABLE_OBJC_ARC = YES;
				CLANG_ENABLE_OBJC_WEAK = YES;
				CLANG_WARN_BLOCK_CAPTURE_AUTORELEASING = YES;
				CLANG_WARN_BOOL_CONVERSION = YES;
				CLANG_WARN_COMMA = YES;
				CLANG_WARN_CONSTANT_CONVERSION = YES;
				CLANG_WARN_DEPRECATED_OBJC_IMPLEMENTATIONS = YES;
				CLANG_WARN_DIRECT_OBJC_ISA_USAGE = YES_ERROR;
				CLANG_WARN_DOCUMENTATION_COMMENTS = YES;
				CLANG_WARN_EMPTY_BODY = YES;
				CLANG_WARN_ENUM_CONVERSION = YES;
				CLANG_WARN_INFINITE_RECURSION = YES;
				CLANG_WARN_INT_CONVERSION = YES;
				CLANG_WARN_NON_LITERAL_NULL_CONVERSION = YES;
				CLANG_WARN_OBJC_IMPLICIT_RETAIN_SELF = YES;
				CLANG_WARN_OBJC_LITERAL_CONVERSION = YES;
				CLANG_WARN_OBJC_ROOT_CLASS = YES_ERROR;
				CLANG_WARN_RANGE_LOOP_ANALYSIS = YES;
				CLANG_WARN_STRICT_PROTOTYPES = YES;
				CLANG_WARN_SUSPICIOUS_MOVE = YES;
				CLANG_WARN_UNGUARDED_AVAILABILITY = YES_AGGRESSIVE;
				CLANG_WARN_UNREACHABLE_CODE = YES;
				CLANG_WARN__DUPLICATE_METHOD_MATCH = YES;
				COPY_PHASE_STRIP = NO;
				DEBUG_INFORMATION_FORMAT = dwarf;
				ENABLE_STRICT_OBJC_MSGSEND = YES;
				ENABLE_TESTABILITY = YES;
				GCC_C_LANGUAGE_STANDARD = gnu11;
				GCC_DYNAMIC_NO_PIC = NO;
				GCC_NO_COMMON_BLOCKS = YES;
				GCC_OPTIMIZATION_LEVEL = 0;
				GCC_PREPROCESSOR_DEFINITIONS = (
					"DEBUG=1",
					"$(inherited)",
				);
				GCC_WARN_64_TO_32_BIT_CONVERSION = YES;
				GCC_WARN_ABOUT_RETURN_TYPE = YES_ERROR;
				GCC_WARN_UNDECLARED_SELECTOR = YES;
				GCC_WARN_UNINITIALIZED_AUTOS = YES_AGGRESSIVE;
				GCC_WARN_UNUSED_FUNCTION = YES;
				GCC_WARN_UNUSED_VARIABLE = YES;
				IPHONEOS_DEPLOYMENT_TARGET = 13.2;
				MTL_ENABLE_DEBUG_INFO = INCLUDE_SOURCE;
				MTL_FAST_MATH = YES;
				ONLY_ACTIVE_ARCH = YES;
				SDKROOT = iphoneos;
				SWIFT_ACTIVE_COMPILATION_CONDITIONS = DEBUG;
				SWIFT_OPTIMIZATION_LEVEL = "-Onone";
			};
			name = Debug;
		};
		63628FBC23DDC96200222B14 /* Release */ = {
			isa = XCBuildConfiguration;
			buildSettings = {
				ALWAYS_SEARCH_USER_PATHS = NO;
				CLANG_ANALYZER_LOCALIZABILITY_NONLOCALIZED = YES;
				CLANG_ANALYZER_NONNULL = YES;
				CLANG_ANALYZER_NUMBER_OBJECT_CONVERSION = YES_AGGRESSIVE;
				CLANG_CXX_LANGUAGE_STANDARD = "gnu++14";
				CLANG_CXX_LIBRARY = "libc++";
				CLANG_ENABLE_MODULES = YES;
				CLANG_ENABLE_OBJC_ARC = YES;
				CLANG_ENABLE_OBJC_WEAK = YES;
				CLANG_WARN_BLOCK_CAPTURE_AUTORELEASING = YES;
				CLANG_WARN_BOOL_CONVERSION = YES;
				CLANG_WARN_COMMA = YES;
				CLANG_WARN_CONSTANT_CONVERSION = YES;
				CLANG_WARN_DEPRECATED_OBJC_IMPLEMENTATIONS = YES;
				CLANG_WARN_DIRECT_OBJC_ISA_USAGE = YES_ERROR;
				CLANG_WARN_DOCUMENTATION_COMMENTS = YES;
				CLANG_WARN_EMPTY_BODY = YES;
				CLANG_WARN_ENUM_CONVERSION = YES;
				CLANG_WARN_INFINITE_RECURSION = YES;
				CLANG_WARN_INT_CONVERSION = YES;
				CLANG_WARN_NON_LITERAL_NULL_CONVERSION = YES;
				CLANG_WARN_OBJC_IMPLICIT_RETAIN_SELF = YES;
				CLANG_WARN_OBJC_LITERAL_CONVERSION = YES;
				CLANG_WARN_OBJC_ROOT_CLASS = YES_ERROR;
				CLANG_WARN_RANGE_LOOP_ANALYSIS = YES;
				CLANG_WARN_STRICT_PROTOTYPES = YES;
				CLANG_WARN_SUSPICIOUS_MOVE = YES;
				CLANG_WARN_UNGUARDED_AVAILABILITY = YES_AGGRESSIVE;
				CLANG_WARN_UNREACHABLE_CODE = YES;
				CLANG_WARN__DUPLICATE_METHOD_MATCH = YES;
				COPY_PHASE_STRIP = NO;
				DEBUG_INFORMATION_FORMAT = "dwarf-with-dsym";
				ENABLE_NS_ASSERTIONS = NO;
				ENABLE_STRICT_OBJC_MSGSEND = YES;
				GCC_C_LANGUAGE_STANDARD = gnu11;
				GCC_NO_COMMON_BLOCKS = YES;
				GCC_WARN_64_TO_32_BIT_CONVERSION = YES;
				GCC_WARN_ABOUT_RETURN_TYPE = YES_ERROR;
				GCC_WARN_UNDECLARED_SELECTOR = YES;
				GCC_WARN_UNINITIALIZED_AUTOS = YES_AGGRESSIVE;
				GCC_WARN_UNUSED_FUNCTION = YES;
				GCC_WARN_UNUSED_VARIABLE = YES;
				IPHONEOS_DEPLOYMENT_TARGET = 13.2;
				MTL_ENABLE_DEBUG_INFO = NO;
				MTL_FAST_MATH = YES;
				SDKROOT = iphoneos;
				SWIFT_COMPILATION_MODE = wholemodule;
				SWIFT_OPTIMIZATION_LEVEL = "-O";
				VALIDATE_PRODUCT = YES;
			};
			name = Release;
		};
		63628FBE23DDC96200222B14 /* Debug */ = {
			isa = XCBuildConfiguration;
			buildSettings = {
				ASSETCATALOG_COMPILER_APPICON_NAME = AppIcon;
				CODE_SIGN_IDENTITY = "Apple Development";
				CODE_SIGN_STYLE = Automatic;
				DEVELOPMENT_TEAM = 4ML3V5A498;
				INFOPLIST_FILE = "Localized App/Info.plist";
				LD_RUNPATH_SEARCH_PATHS = (
					"$(inherited)",
					"@executable_path/Frameworks",
				);
				PRODUCT_BUNDLE_IDENTIFIER = "com.sotheavuthnguon.Localized-App";
				PRODUCT_NAME = "$(TARGET_NAME)";
				PROVISIONING_PROFILE_SPECIFIER = "";
				SWIFT_VERSION = 5.0;
				TARGETED_DEVICE_FAMILY = "1,2";
			};
			name = Debug;
		};
		63628FBF23DDC96200222B14 /* Release */ = {
			isa = XCBuildConfiguration;
			buildSettings = {
				ASSETCATALOG_COMPILER_APPICON_NAME = AppIcon;
				CODE_SIGN_IDENTITY = "Apple Development";
				CODE_SIGN_STYLE = Automatic;
				DEVELOPMENT_TEAM = 4ML3V5A498;
				INFOPLIST_FILE = "Localized App/Info.plist";
				LD_RUNPATH_SEARCH_PATHS = (
					"$(inherited)",
					"@executable_path/Frameworks",
				);
				PRODUCT_BUNDLE_IDENTIFIER = "com.sotheavuthnguon.Localized-App";
				PRODUCT_NAME = "$(TARGET_NAME)";
				PROVISIONING_PROFILE_SPECIFIER = "";
				SWIFT_VERSION = 5.0;
				TARGETED_DEVICE_FAMILY = "1,2";
			};
			name = Release;
		};
/* End XCBuildConfiguration section */

/* Begin XCConfigurationList section */
		63628FA423DDC96100222B14 /* Build configuration list for PBXProject "Localized App" */ = {
			isa = XCConfigurationList;
			buildConfigurations = (
				63628FBB23DDC96200222B14 /* Debug */,
				63628FBC23DDC96200222B14 /* Release */,
			);
			defaultConfigurationIsVisible = 0;
			defaultConfigurationName = Release;
		};
		63628FBD23DDC96200222B14 /* Build configuration list for PBXNativeTarget "Localized App" */ = {
			isa = XCConfigurationList;
			buildConfigurations = (
				63628FBE23DDC96200222B14 /* Debug */,
				63628FBF23DDC96200222B14 /* Release */,
			);
			defaultConfigurationIsVisible = 0;
			defaultConfigurationName = Release;
		};
/* End XCConfigurationList section */

/* Begin XCRemoteSwiftPackageReference section */
		63628FC023DDCA0800222B14 /* XCRemoteSwiftPackageReference "Localize-Swift" */ = {
			isa = XCRemoteSwiftPackageReference;
			repositoryURL = "https://github.com/marmelroy/Localize-Swift";
			requirement = {
				kind = upToNextMajorVersion;
				minimumVersion = 3.1.0;
			};
		};
/* End XCRemoteSwiftPackageReference section */

/* Begin XCSwiftPackageProductDependency section */
		63628FC123DDCA0800222B14 /* Localize_Swift */ = {
			isa = XCSwiftPackageProductDependency;
			package = 63628FC023DDCA0800222B14 /* XCRemoteSwiftPackageReference "Localize-Swift" */;
			productName = Localize_Swift;
		};
/* End XCSwiftPackageProductDependency section */
	};
	rootObject = 63628FA123DDC96100222B14 /* Project object */;
}
